
Microsoft Visual Studio Solution File, Format Version 12.00
# Visual Studio 2015
Project("{FAE04EC0-301F-11D3-BF4B-00C04F79EFBC}") = "Magnets.CSharp.Plugins", "Magnets.CSharp.Plugins.csproj", "{7ECB3B96-4D18-A834-0330-6D5DDCB401B2}"
EndProject
Project("{FAE04EC0-301F-11D3-BF4B-00C04F79EFBC}") = "Magnets.CSharp", "Magnets.CSharp.csproj", "{F40EAB58-3B5C-54F6-DE71-89355EA10AA3}"
EndProject
Project("{FAE04EC0-301F-11D3-BF4B-00C04F79EFBC}") = "Magnets.CSharp.Editor", "Magnets.CSharp.Editor.csproj", "{988E8603-FCB0-5803-4F8B-6055101DAE7B}"
EndProject
Global
	GlobalSection(SolutionConfigurationPlatforms) = preSolution
		Debug|Any CPU = Debug|Any CPU
		Release|Any CPU = Release|Any CPU
	EndGlobalSection
	GlobalSection(ProjectConfigurationPlatforms) = postSolution
		{7ECB3B96-4D18-A834-0330-6D5DDCB401B2}.Debug|Any CPU.ActiveCfg = Debug|Any CPU
		{7ECB3B96-4D18-A834-0330-6D5DDCB401B2}.Debug|Any CPU.Build.0 = Debug|Any CPU
		{7ECB3B96-4D18-A834-0330-6D5DDCB401B2}.Release|Any CPU.ActiveCfg = Release|Any CPU
		{7ECB3B96-4D18-A834-0330-6D5DDCB401B2}.Release|Any CPU.Build.0 = Release|Any CPU
		{F40EAB58-3B5C-54F6-DE71-89355EA10AA3}.Debug|Any CPU.ActiveCfg = Debug|Any CPU
		{F40EAB58-3B5C-54F6-DE71-89355EA10AA3}.Debug|Any CPU.Build.0 = Debug|Any CPU
		{F40EAB58-3B5C-54F6-DE71-89355EA10AA3}.Release|Any CPU.ActiveCfg = Release|Any CPU
		{F40EAB58-3B5C-54F6-DE71-89355EA10AA3}.Release|Any CPU.Build.0 = Release|Any CPU
		{988E8603-FCB0-5803-4F8B-6055101DAE7B}.Debug|Any CPU.ActiveCfg = Debug|Any CPU
		{988E8603-FCB0-5803-4F8B-6055101DAE7B}.Debug|Any CPU.Build.0 = Debug|Any CPU
		{988E8603-FCB0-5803-4F8B-6055101DAE7B}.Release|Any CPU.ActiveCfg = Release|Any CPU
		{988E8603-FCB0-5803-4F8B-6055101DAE7B}.Release|Any CPU.Build.0 = Release|Any CPU
	EndGlobalSection
	GlobalSection(SolutionProperties) = preSolution
		HideSolutionNode = FALSE
	EndGlobalSection
EndGlobal
